{
  "originHash" : "ff345b6495f0d56fc1164b51977ea10b3d7879539005fbaac384f67f2840cb33",
  "pins" : [
    {
      "identity" : "bottombar-swiftui",
      "kind" : "remoteSourceControl",
      "location" : "https://github.com/smartvipere75/bottombar-swiftui",
      "state" : {
        "branch" : "master",
        "revision" : "26c5c48842632b39242bb268399651097ace653a"
      }
    },
    {
      "identity" : "cardslider#requirements",
      "kind" : "remoteSourceControl",
      "location" : "https://github.com/Ramotion/cardslider#requirements",
      "state" : {
        "revision" : "016e2996d9f9fc20ac108ad82fd9fce007546be1",
        "version" : "0.1.0"
      }
    },
    {
      "identity" : "horizoncalendar?tab=readme-ov-file#day-range-selection",
      "kind" : "remoteSourceControl",
      "location" : "https://github.com/airbnb/HorizonCalendar?tab=readme-ov-file#day-range-selection",
      "state" : {
        "branch" : "master",
        "revision" : "697c6f22f7e2f6da69fd0ca5dca0d08c973ea3a8"
      }
    },
    {
      "identity" : "inject",
      "kind" : "remoteSourceControl",
      "location" : "https://github.com/krzysztofzablocki/Inject.git",
      "state" : {
        "revision" : "728c56639ecb3df441d51d5bc6747329afabcfc9",
        "version" : "1.5.2"
      }
    },
    {
      "identity" : "jwtdecode.swift",
      "kind" : "remoteSourceControl",
      "location" : "https://github.com/auth0/JWTDecode.swift.git",
      "state" : {
        "revision" : "1e153ef009969543191970c66b7c60163c0b4a65",
        "version" : "3.2.0"
      }
    },
    {
      "identity" : "keychain-swift",
      "kind" : "remoteSourceControl",
      "location" : "https://github.com/evgenyneu/keychain-swift",
      "state" : {
        "revision" : "5e1b02b6a9dac2a759a1d5dbc175c86bd192a608",
        "version" : "24.0.0"
      }
    }
  ],
  "version" : 3
}
